
Microsoft Visual Studio Solution File, Format Version 12.00
# Visual Studio Version 16
VisualStudioVersion = 16.0.33529.622
MinimumVisualStudioVersion = 10.0.40219.1
Project("{FAE04EC0-301F-11D3-BF4B-00C04F79EFBC}") = "CET", "CET.csproj", "{3FACFAA8-0A0D-46DB-AD1E-97D9E51D0579}"
EndProject
Global
	GlobalSection(SolutionConfigurationPlatforms) = preSolution
		Debug|Any CPU = Debug|Any CPU
		Release|Any CPU = Release|Any CPU
	EndGlobalSection
	GlobalSection(ProjectConfigurationPlatforms) = postSolution
		{3FACFAA8-0A0D-46DB-AD1E-97D9E51D0579}.Debug|Any CPU.ActiveCfg = Debug|Any CPU
		{3FACFAA8-0A0D-46DB-AD1E-97D9E51D0579}.Debug|Any CPU.Build.0 = Debug|Any CPU
		{3FACFAA8-0A0D-46DB-AD1E-97D9E51D0579}.Release|Any CPU.ActiveCfg = Release|Any CPU
		{3FACFAA8-0A0D-46DB-AD1E-97D9E51D0579}.Release|Any CPU.Build.0 = Release|Any CPU
	EndGlobalSection
	GlobalSection(SolutionProperties) = preSolution
		HideSolutionNode = FALSE
	EndGlobalSection
	GlobalSection(ExtensibilityGlobals) = postSolution
		SolutionGuid = {95D94AA1-C598-409B-89A2-5F2FE4F46EB4}
	EndGlobalSection
EndGlobal
